// !$*UTF8*$!
{
	archiveVersion = 1;
	classes = {
	};
	objectVersion = 46;
	objects = {

/* Begin PBXBuildFile section */
		841444BF1B141C4B003CA64D /* img.png in Resources */ = {isa = PBXBuildFile; fileRef = 841444BE1B141C4B003CA64D /* img.png */; };
		841444C11B141F17003CA64D /* img2.png in Resources */ = {isa = PBXBuildFile; fileRef = 841444C01B141F17003CA64D /* img2.png */; };
		841444C41B144634003CA64D /* ImageScale.m in Sources */ = {isa = PBXBuildFile; fileRef = 841444C31B144634003CA64D /* ImageScale.m */; };
		8432DC271B13212B00599F14 /* main.m in Sources */ = {isa = PBXBuildFile; fileRef = 8432DC261B13212B00599F14 /* main.m */; };
		8432DC2A1B13212B00599F14 /* AppDelegate.m in Sources */ = {isa = PBXBuildFile; fileRef = 8432DC291B13212B00599F14 /* AppDelegate.m */; };
		8432DC351B13212B00599F14 /* Images.xcassets in Resources */ = {isa = PBXBuildFile; fileRef = 8432DC341B13212B00599F14 /* Images.xcassets */; };
		8432DC441B13212B00599F14 /* YYLTests.m in Sources */ = {isa = PBXBuildFile; fileRef = 8432DC431B13212B00599F14 /* YYLTests.m */; };
		8432DC561B132C3400599F14 /* IndexViewController.m in Sources */ = {isa = PBXBuildFile; fileRef = 8432DC541B132C3400599F14 /* IndexViewController.m */; };
		8432DC5B1B132C6500599F14 /* MSGViewController.m in Sources */ = {isa = PBXBuildFile; fileRef = 8432DC591B132C6500599F14 /* MSGViewController.m */; };
		8432DC651B132CCE00599F14 /* LOVETableViewController.m in Sources */ = {isa = PBXBuildFile; fileRef = 8432DC631B132CCE00599F14 /* LOVETableViewController.m */; };
		8432DC6A1B132CED00599F14 /* KDGTableViewController.m in Sources */ = {isa = PBXBuildFile; fileRef = 8432DC681B132CED00599F14 /* KDGTableViewController.m */; };
		845202CB1B1594AF00181656 /* TongZhiTableViewController.m in Sources */ = {isa = PBXBuildFile; fileRef = 845202CA1B1594AF00181656 /* TongZhiTableViewController.m */; };
		845202CE1B1594D300181656 /* ZhangHuTableViewController.m in Sources */ = {isa = PBXBuildFile; fileRef = 845202CD1B1594D300181656 /* ZhangHuTableViewController.m */; };
		845202D11B1594FD00181656 /* SheZhiTableViewController.m in Sources */ = {isa = PBXBuildFile; fileRef = 845202D01B1594FD00181656 /* SheZhiTableViewController.m */; };
		845202D41B15951400181656 /* FanKuiViewController.m in Sources */ = {isa = PBXBuildFile; fileRef = 845202D31B15951400181656 /* FanKuiViewController.m */; };
		845202D71B15952B00181656 /* GuanYuViewController.m in Sources */ = {isa = PBXBuildFile; fileRef = 845202D61B15952B00181656 /* GuanYuViewController.m */; };
		845202DA1B15978100181656 /* GeRenViewController.m in Sources */ = {isa = PBXBuildFile; fileRef = 845202D91B15978100181656 /* GeRenViewController.m */; };
		845202E21B159F0400181656 /* ChangMobileViewController.m in Sources */ = {isa = PBXBuildFile; fileRef = 845202E11B159F0400181656 /* ChangMobileViewController.m */; };
		845202E51B15A26E00181656 /* ChangeEmailViewController.m in Sources */ = {isa = PBXBuildFile; fileRef = 845202E41B15A26E00181656 /* ChangeEmailViewController.m */; };
		845202E81B15A28400181656 /* ChangePwdViewController.m in Sources */ = {isa = PBXBuildFile; fileRef = 845202E71B15A28400181656 /* ChangePwdViewController.m */; };
		845202EB1B15A29400181656 /* ChangePayViewController.m in Sources */ = {isa = PBXBuildFile; fileRef = 845202EA1B15A29400181656 /* ChangePayViewController.m */; };
		84D20D0E1B16F22000554AA7 /* addimage.png in Resources */ = {isa = PBXBuildFile; fileRef = 84D20D0D1B16F22000554AA7 /* addimage.png */; };
		84D20D111B170BFA00554AA7 /* GuanYuLightViewController.m in Sources */ = {isa = PBXBuildFile; fileRef = 84D20D101B170BFA00554AA7 /* GuanYuLightViewController.m */; };
		84D20D141B170C2500554AA7 /* JuanZhuViewController.m in Sources */ = {isa = PBXBuildFile; fileRef = 84D20D131B170C2500554AA7 /* JuanZhuViewController.m */; };
		84D20D1D1B17185000554AA7 /* ReadMoreViewController.m in Sources */ = {isa = PBXBuildFile; fileRef = 84D20D1C1B17185000554AA7 /* ReadMoreViewController.m */; };
		84D20D211B171CED00554AA7 /* CPYListTableViewController.m in Sources */ = {isa = PBXBuildFile; fileRef = 84D20D201B171CED00554AA7 /* CPYListTableViewController.m */; };
		84D20D241B171E4600554AA7 /* CPYTableViewController.m in Sources */ = {isa = PBXBuildFile; fileRef = 84D20D231B171E4600554AA7 /* CPYTableViewController.m */; };
		84D20D581B17FFD200554AA7 /* LaunchScreen.xib in Resources */ = {isa = PBXBuildFile; fileRef = 84D20D571B17FFD200554AA7 /* LaunchScreen.xib */; };
		84D20D5B1B180F5A00554AA7 /* DetailViewController.m in Sources */ = {isa = PBXBuildFile; fileRef = 84D20D5A1B180F5A00554AA7 /* DetailViewController.m */; };
/* End PBXBuildFile section */

/* Begin PBXContainerItemProxy section */
		8432DC3E1B13212B00599F14 /* PBXContainerItemProxy */ = {
			isa = PBXContainerItemProxy;
			containerPortal = 8432DC191B13212B00599F14 /* Project object */;
			proxyType = 1;
			remoteGlobalIDString = 8432DC201B13212B00599F14;
			remoteInfo = YYL;
		};
/* End PBXContainerItemProxy section */

/* Begin PBXFileReference section */
		841444BE1B141C4B003CA64D /* img.png */ = {isa = PBXFileReference; lastKnownFileType = image.png; path = img.png; sourceTree = "<group>"; };
		841444C01B141F17003CA64D /* img2.png */ = {isa = PBXFileReference; lastKnownFileType = image.png; path = img2.png; sourceTree = "<group>"; };
		841444C21B144634003CA64D /* ImageScale.h */ = {isa = PBXFileReference; fileEncoding = 4; lastKnownFileType = sourcecode.c.h; path = ImageScale.h; sourceTree = "<group>"; };
		841444C31B144634003CA64D /* ImageScale.m */ = {isa = PBXFileReference; fileEncoding = 4; lastKnownFileType = sourcecode.c.objc; path = ImageScale.m; sourceTree = "<group>"; };
		8432DC211B13212B00599F14 /* YYL.app */ = {isa = PBXFileReference; explicitFileType = wrapper.application; includeInIndex = 0; path = YYL.app; sourceTree = BUILT_PRODUCTS_DIR; };
		8432DC251B13212B00599F14 /* Info.plist */ = {isa = PBXFileReference; lastKnownFileType = text.plist.xml; path = Info.plist; sourceTree = "<group>"; };
		8432DC261B13212B00599F14 /* main.m */ = {isa = PBXFileReference; lastKnownFileType = sourcecode.c.objc; path = main.m; sourceTree = "<group>"; };
		8432DC281B13212B00599F14 /* AppDelegate.h */ = {isa = PBXFileReference; lastKnownFileType = sourcecode.c.h; path = AppDelegate.h; sourceTree = "<group>"; };
		8432DC291B13212B00599F14 /* AppDelegate.m */ = {isa = PBXFileReference; lastKnownFileType = sourcecode.c.objc; path = AppDelegate.m; sourceTree = "<group>"; };
		8432DC341B13212B00599F14 /* Images.xcassets */ = {isa = PBXFileReference; lastKnownFileType = folder.assetcatalog; path = Images.xcassets; sourceTree = "<group>"; };
		8432DC3D1B13212B00599F14 /* YYLTests.xctest */ = {isa = PBXFileReference; explicitFileType = wrapper.cfbundle; includeInIndex = 0; path = YYLTests.xctest; sourceTree = BUILT_PRODUCTS_DIR; };
		8432DC421B13212B00599F14 /* Info.plist */ = {isa = PBXFileReference; lastKnownFileType = text.plist.xml; path = Info.plist; sourceTree = "<group>"; };
		8432DC431B13212B00599F14 /* YYLTests.m */ = {isa = PBXFileReference; lastKnownFileType = sourcecode.c.objc; path = YYLTests.m; sourceTree = "<group>"; };
		8432DC531B132C3400599F14 /* IndexViewController.h */ = {isa = PBXFileReference; fileEncoding = 4; lastKnownFileType = sourcecode.c.h; name = IndexViewController.h; path = ../IndexViewController.h; sourceTree = "<group>"; };
		8432DC541B132C3400599F14 /* IndexViewController.m */ = {isa = PBXFileReference; fileEncoding = 4; lastKnownFileType = sourcecode.c.objc; name = IndexViewController.m; path = ../IndexViewController.m; sourceTree = "<group>"; };
		8432DC581B132C6500599F14 /* MSGViewController.h */ = {isa = PBXFileReference; fileEncoding = 4; lastKnownFileType = sourcecode.c.h; path = MSGViewController.h; sourceTree = "<group>"; };
		8432DC591B132C6500599F14 /* MSGViewController.m */ = {isa = PBXFileReference; fileEncoding = 4; lastKnownFileType = sourcecode.c.objc; path = MSGViewController.m; sourceTree = "<group>"; };
		8432DC621B132CCE00599F14 /* LOVETableViewController.h */ = {isa = PBXFileReference; fileEncoding = 4; lastKnownFileType = sourcecode.c.h; path = LOVETableViewController.h; sourceTree = "<group>"; };
		8432DC631B132CCE00599F14 /* LOVETableViewController.m */ = {isa = PBXFileReference; fileEncoding = 4; lastKnownFileType = sourcecode.c.objc; path = LOVETableViewController.m; sourceTree = "<group>"; };
		8432DC671B132CED00599F14 /* KDGTableViewController.h */ = {isa = PBXFileReference; fileEncoding = 4; lastKnownFileType = sourcecode.c.h; path = KDGTableViewController.h; sourceTree = "<group>"; };
		8432DC681B132CED00599F14 /* KDGTableViewController.m */ = {isa = PBXFileReference; fileEncoding = 4; lastKnownFileType = sourcecode.c.objc; path = KDGTableViewController.m; sourceTree = "<group>"; };
		845202C91B1594AF00181656 /* TongZhiTableViewController.h */ = {isa = PBXFileReference; fileEncoding = 4; lastKnownFileType = sourcecode.c.h; path = TongZhiTableViewController.h; sourceTree = "<group>"; };
		845202CA1B1594AF00181656 /* TongZhiTableViewController.m */ = {isa = PBXFileReference; fileEncoding = 4; lastKnownFileType = sourcecode.c.objc; path = TongZhiTableViewController.m; sourceTree = "<group>"; };
		845202CC1B1594D300181656 /* ZhangHuTableViewController.h */ = {isa = PBXFileReference; fileEncoding = 4; lastKnownFileType = sourcecode.c.h; path = ZhangHuTableViewController.h; sourceTree = "<group>"; };
		845202CD1B1594D300181656 /* ZhangHuTableViewController.m */ = {isa = PBXFileReference; fileEncoding = 4; lastKnownFileType = sourcecode.c.objc; path = ZhangHuTableViewController.m; sourceTree = "<group>"; };
		845202CF1B1594FD00181656 /* SheZhiTableViewController.h */ = {isa = PBXFileReference; fileEncoding = 4; lastKnownFileType = sourcecode.c.h; path = SheZhiTableViewController.h; sourceTree = "<group>"; };
		845202D01B1594FD00181656 /* SheZhiTableViewController.m */ = {isa = PBXFileReference; fileEncoding = 4; lastKnownFileType = sourcecode.c.objc; path = SheZhiTableViewController.m; sourceTree = "<group>"; };
		845202D21B15951400181656 /* FanKuiViewController.h */ = {isa = PBXFileReference; fileEncoding = 4; lastKnownFileType = sourcecode.c.h; path = FanKuiViewController.h; sourceTree = "<group>"; };
		845202D31B15951400181656 /* FanKuiViewController.m */ = {isa = PBXFileReference; fileEncoding = 4; lastKnownFileType = sourcecode.c.objc; path = FanKuiViewController.m; sourceTree = "<group>"; };
		845202D51B15952B00181656 /* GuanYuViewController.h */ = {isa = PBXFileReference; fileEncoding = 4; lastKnownFileType = sourcecode.c.h; path = GuanYuViewController.h; sourceTree = "<group>"; };
		845202D61B15952B00181656 /* GuanYuViewController.m */ = {isa = PBXFileReference; fileEncoding = 4; lastKnownFileType = sourcecode.c.objc; path = GuanYuViewController.m; sourceTree = "<group>"; };
		845202D81B15978100181656 /* GeRenViewController.h */ = {isa = PBXFileReference; fileEncoding = 4; lastKnownFileType = sourcecode.c.h; path = GeRenViewController.h; sourceTree = "<group>"; };
		845202D91B15978100181656 /* GeRenViewController.m */ = {isa = PBXFileReference; fileEncoding = 4; lastKnownFileType = sourcecode.c.objc; path = GeRenViewController.m; sourceTree = "<group>"; };
		845202DE1B159A1A00181656 /* COMURL.h */ = {isa = PBXFileReference; fileEncoding = 4; lastKnownFileType = sourcecode.c.h; path = COMURL.h; sourceTree = "<group>"; };
		845202E01B159F0400181656 /* ChangMobileViewController.h */ = {isa = PBXFileReference; fileEncoding = 4; lastKnownFileType = sourcecode.c.h; path = ChangMobileViewController.h; sourceTree = "<group>"; };
		845202E11B159F0400181656 /* ChangMobileViewController.m */ = {isa = PBXFileReference; fileEncoding = 4; lastKnownFileType = sourcecode.c.objc; path = ChangMobileViewController.m; sourceTree = "<group>"; };
		845202E31B15A26E00181656 /* ChangeEmailViewController.h */ = {isa = PBXFileReference; fileEncoding = 4; lastKnownFileType = sourcecode.c.h; path = ChangeEmailViewController.h; sourceTree = "<group>"; };
		845202E41B15A26E00181656 /* ChangeEmailViewController.m */ = {isa = PBXFileReference; fileEncoding = 4; lastKnownFileType = sourcecode.c.objc; path = ChangeEmailViewController.m; sourceTree = "<group>"; };
		845202E61B15A28400181656 /* ChangePwdViewController.h */ = {isa = PBXFileReference; fileEncoding = 4; lastKnownFileType = sourcecode.c.h; path = ChangePwdViewController.h; sourceTree = "<group>"; };
		845202E71B15A28400181656 /* ChangePwdViewController.m */ = {isa = PBXFileReference; fileEncoding = 4; lastKnownFileType = sourcecode.c.objc; path = ChangePwdViewController.m; sourceTree = "<group>"; };
		845202E91B15A29400181656 /* ChangePayViewController.h */ = {isa = PBXFileReference; fileEncoding = 4; lastKnownFileType = sourcecode.c.h; path = ChangePayViewController.h; sourceTree = "<group>"; };
		845202EA1B15A29400181656 /* ChangePayViewController.m */ = {isa = PBXFileReference; fileEncoding = 4; lastKnownFileType = sourcecode.c.objc; path = ChangePayViewController.m; sourceTree = "<group>"; };
		84D20D0D1B16F22000554AA7 /* addimage.png */ = {isa = PBXFileReference; lastKnownFileType = image.png; path = addimage.png; sourceTree = "<group>"; };
		84D20D0F1B170BFA00554AA7 /* GuanYuLightViewController.h */ = {isa = PBXFileReference; fileEncoding = 4; lastKnownFileType = sourcecode.c.h; path = GuanYuLightViewController.h; sourceTree = "<group>"; };
		84D20D101B170BFA00554AA7 /* GuanYuLightViewController.m */ = {isa = PBXFileReference; fileEncoding = 4; lastKnownFileType = sourcecode.c.objc; path = GuanYuLightViewController.m; sourceTree = "<group>"; };
		84D20D121B170C2500554AA7 /* JuanZhuViewController.h */ = {isa = PBXFileReference; fileEncoding = 4; lastKnownFileType = sourcecode.c.h; path = JuanZhuViewController.h; sourceTree = "<group>"; };
		84D20D131B170C2500554AA7 /* JuanZhuViewController.m */ = {isa = PBXFileReference; fileEncoding = 4; lastKnownFileType = sourcecode.c.objc; path = JuanZhuViewController.m; sourceTree = "<group>"; };
		84D20D1B1B17185000554AA7 /* ReadMoreViewController.h */ = {isa = PBXFileReference; fileEncoding = 4; lastKnownFileType = sourcecode.c.h; path = ReadMoreViewController.h; sourceTree = "<group>"; };
		84D20D1C1B17185000554AA7 /* ReadMoreViewController.m */ = {isa = PBXFileReference; fileEncoding = 4; lastKnownFileType = sourcecode.c.objc; path = ReadMoreViewController.m; sourceTree = "<group>"; };
		84D20D1F1B171CED00554AA7 /* CPYListTableViewController.h */ = {isa = PBXFileReference; fileEncoding = 4; lastKnownFileType = sourcecode.c.h; path = CPYListTableViewController.h; sourceTree = "<group>"; };
		84D20D201B171CED00554AA7 /* CPYListTableViewController.m */ = {isa = PBXFileReference; fileEncoding = 4; lastKnownFileType = sourcecode.c.objc; path = CPYListTableViewController.m; sourceTree = "<group>"; };
		84D20D221B171E4600554AA7 /* CPYTableViewController.h */ = {isa = PBXFileReference; fileEncoding = 4; lastKnownFileType = sourcecode.c.h; path = CPYTableViewController.h; sourceTree = "<group>"; };
		84D20D231B171E4600554AA7 /* CPYTableViewController.m */ = {isa = PBXFileReference; fileEncoding = 4; lastKnownFileType = sourcecode.c.objc; path = CPYTableViewController.m; sourceTree = "<group>"; };
		84D20D571B17FFD200554AA7 /* LaunchScreen.xib */ = {isa = PBXFileReference; fileEncoding = 4; lastKnownFileType = file.xib; path = LaunchScreen.xib; sourceTree = "<group>"; };
		84D20D591B180F5A00554AA7 /* DetailViewController.h */ = {isa = PBXFileReference; fileEncoding = 4; lastKnownFileType = sourcecode.c.h; path = DetailViewController.h; sourceTree = "<group>"; };
		84D20D5A1B180F5A00554AA7 /* DetailViewController.m */ = {isa = PBXFileReference; fileEncoding = 4; lastKnownFileType = sourcecode.c.objc; path = DetailViewController.m; sourceTree = "<group>"; };
/* End PBXFileReference section */

/* Begin PBXFrameworksBuildPhase section */
		8432DC1E1B13212B00599F14 /* Frameworks */ = {
			isa = PBXFrameworksBuildPhase;
			buildActionMask = 2147483647;
			files = (
			);
			runOnlyForDeploymentPostprocessing = 0;
		};
		8432DC3A1B13212B00599F14 /* Frameworks */ = {
			isa = PBXFrameworksBuildPhase;
			buildActionMask = 2147483647;
			files = (
			);
			runOnlyForDeploymentPostprocessing = 0;
		};
/* End PBXFrameworksBuildPhase section */

/* Begin PBXGroup section */
		8432DC181B13212B00599F14 = {
			isa = PBXGroup;
			children = (
				8432DC231B13212B00599F14 /* YYL */,
				8432DC401B13212B00599F14 /* YYLTests */,
				8432DC221B13212B00599F14 /* Products */,
			);
			sourceTree = "<group>";
		};
		8432DC221B13212B00599F14 /* Products */ = {
			isa = PBXGroup;
			children = (
				8432DC211B13212B00599F14 /* YYL.app */,
				8432DC3D1B13212B00599F14 /* YYLTests.xctest */,
			);
			name = Products;
			sourceTree = "<group>";
		};
		8432DC231B13212B00599F14 /* YYL */ = {
			isa = PBXGroup;
			children = (
				8432DC281B13212B00599F14 /* AppDelegate.h */,
				8432DC291B13212B00599F14 /* AppDelegate.m */,
				845202DE1B159A1A00181656 /* COMURL.h */,
				845202DB1B1598BF00181656 /* EXT */,
				845202C81B156EEC00181656 /* leftview */,
				845202DF1B159E9900181656 /* MoreFunc */,
				84D20D1E1B1718C700554AA7 /* MainPage' */,
				8432DC341B13212B00599F14 /* Images.xcassets */,
				84D20D571B17FFD200554AA7 /* LaunchScreen.xib */,
				8432DC241B13212B00599F14 /* Supporting Files */,
			);
			path = YYL;
			sourceTree = "<group>";
		};
		8432DC241B13212B00599F14 /* Supporting Files */ = {
			isa = PBXGroup;
			children = (
				84D20D0D1B16F22000554AA7 /* addimage.png */,
				841444C01B141F17003CA64D /* img2.png */,
				841444BE1B141C4B003CA64D /* img.png */,
				8432DC251B13212B00599F14 /* Info.plist */,
				8432DC261B13212B00599F14 /* main.m */,
			);
			name = "Supporting Files";
			sourceTree = "<group>";
		};
		8432DC401B13212B00599F14 /* YYLTests */ = {
			isa = PBXGroup;
			children = (
				8432DC431B13212B00599F14 /* YYLTests.m */,
				8432DC411B13212B00599F14 /* Supporting Files */,
			);
			path = YYLTests;
			sourceTree = "<group>";
		};
		8432DC411B13212B00599F14 /* Supporting Files */ = {
			isa = PBXGroup;
			children = (
				8432DC421B13212B00599F14 /* Info.plist */,
			);
			name = "Supporting Files";
			sourceTree = "<group>";
		};
		845202C81B156EEC00181656 /* leftview */ = {
			isa = PBXGroup;
			children = (
				845202C91B1594AF00181656 /* TongZhiTableViewController.h */,
				845202CA1B1594AF00181656 /* TongZhiTableViewController.m */,
				845202CC1B1594D300181656 /* ZhangHuTableViewController.h */,
				845202CD1B1594D300181656 /* ZhangHuTableViewController.m */,
				845202CF1B1594FD00181656 /* SheZhiTableViewController.h */,
				845202D01B1594FD00181656 /* SheZhiTableViewController.m */,
				845202D21B15951400181656 /* FanKuiViewController.h */,
				845202D31B15951400181656 /* FanKuiViewController.m */,
				845202D51B15952B00181656 /* GuanYuViewController.h */,
				845202D61B15952B00181656 /* GuanYuViewController.m */,
				845202D81B15978100181656 /* GeRenViewController.h */,
				845202D91B15978100181656 /* GeRenViewController.m */,
				84D20D0F1B170BFA00554AA7 /* GuanYuLightViewController.h */,
				84D20D101B170BFA00554AA7 /* GuanYuLightViewController.m */,
				84D20D121B170C2500554AA7 /* JuanZhuViewController.h */,
				84D20D131B170C2500554AA7 /* JuanZhuViewController.m */,
			);
			name = leftview;
			sourceTree = "<group>";
		};
		845202DB1B1598BF00181656 /* EXT */ = {
			isa = PBXGroup;
			children = (
				841444C21B144634003CA64D /* ImageScale.h */,
				841444C31B144634003CA64D /* ImageScale.m */,
			);
			name = EXT;
			sourceTree = "<group>";
		};
		845202DF1B159E9900181656 /* MoreFunc */ = {
			isa = PBXGroup;
			children = (
				845202E01B159F0400181656 /* ChangMobileViewController.h */,
				845202E11B159F0400181656 /* ChangMobileViewController.m */,
				845202E31B15A26E00181656 /* ChangeEmailViewController.h */,
				845202E41B15A26E00181656 /* ChangeEmailViewController.m */,
				845202E61B15A28400181656 /* ChangePwdViewController.h */,
				845202E71B15A28400181656 /* ChangePwdViewController.m */,
				845202E91B15A29400181656 /* ChangePayViewController.h */,
				845202EA1B15A29400181656 /* ChangePayViewController.m */,
				84D20D1F1B171CED00554AA7 /* CPYListTableViewController.h */,
				84D20D201B171CED00554AA7 /* CPYListTableViewController.m */,
				84D20D591B180F5A00554AA7 /* DetailViewController.h */,
				84D20D5A1B180F5A00554AA7 /* DetailViewController.m */,
			);
			name = MoreFunc;
			sourceTree = "<group>";
		};
		84D20D1E1B1718C700554AA7 /* MainPage' */ = {
			isa = PBXGroup;
			children = (
				8432DC531B132C3400599F14 /* IndexViewController.h */,
				8432DC541B132C3400599F14 /* IndexViewController.m */,
				8432DC581B132C6500599F14 /* MSGViewController.h */,
				8432DC591B132C6500599F14 /* MSGViewController.m */,
				84D20D221B171E4600554AA7 /* CPYTableViewController.h */,
				84D20D231B171E4600554AA7 /* CPYTableViewController.m */,
				8432DC621B132CCE00599F14 /* LOVETableViewController.h */,
				8432DC631B132CCE00599F14 /* LOVETableViewController.m */,
				8432DC671B132CED00599F14 /* KDGTableViewController.h */,
				8432DC681B132CED00599F14 /* KDGTableViewController.m */,
				84D20D1B1B17185000554AA7 /* ReadMoreViewController.h */,
				84D20D1C1B17185000554AA7 /* ReadMoreViewController.m */,
			);
			name = "MainPage'";
			sourceTree = "<group>";
		};
/* End PBXGroup section */

/* Begin PBXNativeTarget section */
		8432DC201B13212B00599F14 /* YYL */ = {
			isa = PBXNativeTarget;
			buildConfigurationList = 8432DC471B13212B00599F14 /* Build configuration list for PBXNativeTarget "YYL" */;
			buildPhases = (
				8432DC1D1B13212B00599F14 /* Sources */,
				8432DC1E1B13212B00599F14 /* Frameworks */,
				8432DC1F1B13212B00599F14 /* Resources */,
			);
			buildRules = (
			);
			dependencies = (
			);
			name = YYL;
			productName = YYL;
			productReference = 8432DC211B13212B00599F14 /* YYL.app */;
			productType = "com.apple.product-type.application";
		};
		8432DC3C1B13212B00599F14 /* YYLTests */ = {
			isa = PBXNativeTarget;
			buildConfigurationList = 8432DC4A1B13212B00599F14 /* Build configuration list for PBXNativeTarget "YYLTests" */;
			buildPhases = (
				8432DC391B13212B00599F14 /* Sources */,
				8432DC3A1B13212B00599F14 /* Frameworks */,
				8432DC3B1B13212B00599F14 /* Resources */,
			);
			buildRules = (
			);
			dependencies = (
				8432DC3F1B13212B00599F14 /* PBXTargetDependency */,
			);
			name = YYLTests;
			productName = YYLTests;
			productReference = 8432DC3D1B13212B00599F14 /* YYLTests.xctest */;
			productType = "com.apple.product-type.bundle.unit-test";
		};
/* End PBXNativeTarget section */

/* Begin PBXProject section */
		8432DC191B13212B00599F14 /* Project object */ = {
			isa = PBXProject;
			attributes = {
				LastUpgradeCheck = 0630;
				ORGANIZATIONNAME = admin;
				TargetAttributes = {
					8432DC201B13212B00599F14 = {
						CreatedOnToolsVersion = 6.3.1;
					};
					8432DC3C1B13212B00599F14 = {
						CreatedOnToolsVersion = 6.3.1;
						TestTargetID = 8432DC201B13212B00599F14;
					};
				};
			};
			buildConfigurationList = 8432DC1C1B13212B00599F14 /* Build configuration list for PBXProject "YYL" */;
			compatibilityVersion = "Xcode 3.2";
			developmentRegion = English;
			hasScannedForEncodings = 0;
			knownRegions = (
				en,
				Base,
			);
			mainGroup = 8432DC181B13212B00599F14;
			productRefGroup = 8432DC221B13212B00599F14 /* Products */;
			projectDirPath = "";
			projectRoot = "";
			targets = (
				8432DC201B13212B00599F14 /* YYL */,
				8432DC3C1B13212B00599F14 /* YYLTests */,
			);
		};
/* End PBXProject section */

/* Begin PBXResourcesBuildPhase section */
		8432DC1F1B13212B00599F14 /* Resources */ = {
			isa = PBXResourcesBuildPhase;
			buildActionMask = 2147483647;
			files = (
				84D20D581B17FFD200554AA7 /* LaunchScreen.xib in Resources */,
				84D20D0E1B16F22000554AA7 /* addimage.png in Resources */,
				841444C11B141F17003CA64D /* img2.png in Resources */,
				841444BF1B141C4B003CA64D /* img.png in Resources */,
				8432DC351B13212B00599F14 /* Images.xcassets in Resources */,
			);
			runOnlyForDeploymentPostprocessing = 0;
		};
		8432DC3B1B13212B00599F14 /* Resources */ = {
			isa = PBXResourcesBuildPhase;
			buildActionMask = 2147483647;
			files = (
			);
			runOnlyForDeploymentPostprocessing = 0;
		};
/* End PBXResourcesBuildPhase section */

/* Begin PBXSourcesBuildPhase section */
		8432DC1D1B13212B00599F14 /* Sources */ = {
			isa = PBXSourcesBuildPhase;
			buildActionMask = 2147483647;
			files = (
				8432DC6A1B132CED00599F14 /* KDGTableViewController.m in Sources */,
				845202E81B15A28400181656 /* ChangePwdViewController.m in Sources */,
				84D20D5B1B180F5A00554AA7 /* DetailViewController.m in Sources */,
				8432DC2A1B13212B00599F14 /* AppDelegate.m in Sources */,
				845202E21B159F0400181656 /* ChangMobileViewController.m in Sources */,
				845202E51B15A26E00181656 /* ChangeEmailViewController.m in Sources */,
				845202D41B15951400181656 /* FanKuiViewController.m in Sources */,
				841444C41B144634003CA64D /* ImageScale.m in Sources */,
				845202DA1B15978100181656 /* GeRenViewController.m in Sources */,
				845202D11B1594FD00181656 /* SheZhiTableViewController.m in Sources */,
				845202CE1B1594D300181656 /* ZhangHuTableViewController.m in Sources */,
				84D20D211B171CED00554AA7 /* CPYListTableViewController.m in Sources */,
				845202CB1B1594AF00181656 /* TongZhiTableViewController.m in Sources */,
				845202EB1B15A29400181656 /* ChangePayViewController.m in Sources */,
				845202D71B15952B00181656 /* GuanYuViewController.m in Sources */,
				84D20D241B171E4600554AA7 /* CPYTableViewController.m in Sources */,
				84D20D1D1B17185000554AA7 /* ReadMoreViewController.m in Sources */,
				84D20D141B170C2500554AA7 /* JuanZhuViewController.m in Sources */,
				84D20D111B170BFA00554AA7 /* GuanYuLightViewController.m in Sources */,
				8432DC271B13212B00599F14 /* main.m in Sources */,
				8432DC651B132CCE00599F14 /* LOVETableViewController.m in Sources */,
				8432DC561B132C3400599F14 /* IndexViewController.m in Sources */,
				8432DC5B1B132C6500599F14 /* MSGViewController.m in Sources */,
			);
			runOnlyForDeploymentPostprocessing = 0;
		};
		8432DC391B13212B00599F14 /* Sources */ = {
			isa = PBXSourcesBuildPhase;
			buildActionMask = 2147483647;
			files = (
				8432DC441B13212B00599F14 /* YYLTests.m in Sources */,
			);
			runOnlyForDeploymentPostprocessing = 0;
		};
/* End PBXSourcesBuildPhase section */

/* Begin PBXTargetDependency section */
		8432DC3F1B13212B00599F14 /* PBXTargetDependency */ = {
			isa = PBXTargetDependency;
			target = 8432DC201B13212B00599F14 /* YYL */;
			targetProxy = 8432DC3E1B13212B00599F14 /* PBXContainerItemProxy */;
		};
/* End PBXTargetDependency section */

/* Begin XCBuildConfiguration section */
		8432DC451B13212B00599F14 /* Debug */ = {
			isa = XCBuildConfiguration;
			buildSettings = {
				ALWAYS_SEARCH_USER_PATHS = NO;
				CLANG_CXX_LANGUAGE_STANDARD = "gnu++0x";
				CLANG_CXX_LIBRARY = "libc++";
				CLANG_ENABLE_MODULES = YES;
				CLANG_ENABLE_OBJC_ARC = YES;
				CLANG_WARN_BOOL_CONVERSION = YES;
				CLANG_WARN_CONSTANT_CONVERSION = YES;
				CLANG_WARN_DIRECT_OBJC_ISA_USAGE = YES_ERROR;
				CLANG_WARN_EMPTY_BODY = YES;
				CLANG_WARN_ENUM_CONVERSION = YES;
				CLANG_WARN_INT_CONVERSION = YES;
				CLANG_WARN_OBJC_ROOT_CLASS = YES_ERROR;
				CLANG_WARN_UNREACHABLE_CODE = YES;
				CLANG_WARN__DUPLICATE_METHOD_MATCH = YES;
				"CODE_SIGN_IDENTITY[sdk=iphoneos*]" = "iPhone Developer";
				COPY_PHASE_STRIP = NO;
				DEBUG_INFORMATION_FORMAT = "dwarf-with-dsym";
				ENABLE_STRICT_OBJC_MSGSEND = YES;
				GCC_C_LANGUAGE_STANDARD = gnu99;
				GCC_DYNAMIC_NO_PIC = NO;
				GCC_NO_COMMON_BLOCKS = YES;
				GCC_OPTIMIZATION_LEVEL = 0;
				GCC_PREPROCESSOR_DEFINITIONS = (
					"DEBUG=1",
					"$(inherited)",
				);
				GCC_SYMBOLS_PRIVATE_EXTERN = NO;
				GCC_WARN_64_TO_32_BIT_CONVERSION = YES;
				GCC_WARN_ABOUT_RETURN_TYPE = YES_ERROR;
				GCC_WARN_UNDECLARED_SELECTOR = YES;
				GCC_WARN_UNINITIALIZED_AUTOS = YES_AGGRESSIVE;
				GCC_WARN_UNUSED_FUNCTION = YES;
				GCC_WARN_UNUSED_VARIABLE = YES;
				IPHONEOS_DEPLOYMENT_TARGET = 8.3;
				MTL_ENABLE_DEBUG_INFO = YES;
				ONLY_ACTIVE_ARCH = YES;
				SDKROOT = iphoneos;
				TARGETED_DEVICE_FAMILY = "1,2";
			};
			name = Debug;
		};
		8432DC461B13212B00599F14 /* Release */ = {
			isa = XCBuildConfiguration;
			buildSettings = {
				ALWAYS_SEARCH_USER_PATHS = NO;
				CLANG_CXX_LANGUAGE_STANDARD = "gnu++0x";
				CLANG_CXX_LIBRARY = "libc++";
				CLANG_ENABLE_MODULES = YES;
				CLANG_ENABLE_OBJC_ARC = YES;
				CLANG_WARN_BOOL_CONVERSION = YES;
				CLANG_WARN_CONSTANT_CONVERSION = YES;
				CLANG_WARN_DIRECT_OBJC_ISA_USAGE = YES_ERROR;
				CLANG_WARN_EMPTY_BODY = YES;
				CLANG_WARN_ENUM_CONVERSION = YES;
				CLANG_WARN_INT_CONVERSION = YES;
				CLANG_WARN_OBJC_ROOT_CLASS = YES_ERROR;
				CLANG_WARN_UNREACHABLE_CODE = YES;
				CLANG_WARN__DUPLICATE_METHOD_MATCH = YES;
				"CODE_SIGN_IDENTITY[sdk=iphoneos*]" = "iPhone Developer";
				COPY_PHASE_STRIP = NO;
				DEBUG_INFORMATION_FORMAT = "dwarf-with-dsym";
				ENABLE_NS_ASSERTIONS = NO;
				ENABLE_STRICT_OBJC_MSGSEND = YES;
				GCC_C_LANGUAGE_STANDARD = gnu99;
				GCC_NO_COMMON_BLOCKS = YES;
				GCC_WARN_64_TO_32_BIT_CONVERSION = YES;
				GCC_WARN_ABOUT_RETURN_TYPE = YES_ERROR;
				GCC_WARN_UNDECLARED_SELECTOR = YES;
				GCC_WARN_UNINITIALIZED_AUTOS = YES_AGGRESSIVE;
				GCC_WARN_UNUSED_FUNCTION = YES;
				GCC_WARN_UNUSED_VARIABLE = YES;
				IPHONEOS_DEPLOYMENT_TARGET = 8.3;
				MTL_ENABLE_DEBUG_INFO = NO;
				SDKROOT = iphoneos;
				TARGETED_DEVICE_FAMILY = "1,2";
				VALIDATE_PRODUCT = YES;
			};
			name = Release;
		};
		8432DC481B13212B00599F14 /* Debug */ = {
			isa = XCBuildConfiguration;
			buildSettings = {
				ASSETCATALOG_COMPILER_APPICON_NAME = AppIcon;
				INFOPLIST_FILE = YYL/Info.plist;
				LD_RUNPATH_SEARCH_PATHS = "$(inherited) @executable_path/Frameworks";
				PRODUCT_NAME = "$(TARGET_NAME)";
			};
			name = Debug;
		};
		8432DC491B13212B00599F14 /* Release */ = {
			isa = XCBuildConfiguration;
			buildSettings = {
				ASSETCATALOG_COMPILER_APPICON_NAME = AppIcon;
				INFOPLIST_FILE = YYL/Info.plist;
				LD_RUNPATH_SEARCH_PATHS = "$(inherited) @executable_path/Frameworks";
				PRODUCT_NAME = "$(TARGET_NAME)";
			};
			name = Release;
		};
		8432DC4B1B13212B00599F14 /* Debug */ = {
			isa = XCBuildConfiguration;
			buildSettings = {
				BUNDLE_LOADER = "$(TEST_HOST)";
				FRAMEWORK_SEARCH_PATHS = (
					"$(SDKROOT)/Developer/Library/Frameworks",
					"$(inherited)",
				);
				GCC_PREPROCESSOR_DEFINITIONS = (
					"DEBUG=1",
					"$(inherited)",
				);
				INFOPLIST_FILE = YYLTests/Info.plist;
				LD_RUNPATH_SEARCH_PATHS = "$(inherited) @executable_path/Frameworks @loader_path/Frameworks";
				PRODUCT_NAME = "$(TARGET_NAME)";
				TEST_HOST = "$(BUILT_PRODUCTS_DIR)/YYL.app/YYL";
			};
			name = Debug;
		};
		8432DC4C1B13212B00599F14 /* Release */ = {
			isa = XCBuildConfiguration;
			buildSettings = {
				BUNDLE_LOADER = "$(TEST_HOST)";
				FRAMEWORK_SEARCH_PATHS = (
					"$(SDKROOT)/Developer/Library/Frameworks",
					"$(inherited)",
				);
				INFOPLIST_FILE = YYLTests/Info.plist;
				LD_RUNPATH_SEARCH_PATHS = "$(inherited) @executable_path/Frameworks @loader_path/Frameworks";
				PRODUCT_NAME = "$(TARGET_NAME)";
				TEST_HOST = "$(BUILT_PRODUCTS_DIR)/YYL.app/YYL";
			};
			name = Release;
		};
/* End XCBuildConfiguration section */

/* Begin XCConfigurationList section */
		8432DC1C1B13212B00599F14 /* Build configuration list for PBXProject "YYL" */ = {
			isa = XCConfigurationList;
			buildConfigurations = (
				8432DC451B13212B00599F14 /* Debug */,
				8432DC461B13212B00599F14 /* Release */,
			);
			defaultConfigurationIsVisible = 0;
			defaultConfigurationName = Release;
		};
		8432DC471B13212B00599F14 /* Build configuration list for PBXNativeTarget "YYL" */ = {
			isa = XCConfigurationList;
			buildConfigurations = (
				8432DC481B13212B00599F14 /* Debug */,
				8432DC491B13212B00599F14 /* Release */,
			);
			defaultConfigurationIsVisible = 0;
			defaultConfigurationName = Release;
		};
		8432DC4A1B13212B00599F14 /* Build configuration list for PBXNativeTarget "YYLTests" */ = {
			isa = XCConfigurationList;
			buildConfigurations = (
				8432DC4B1B13212B00599F14 /* Debug */,
				8432DC4C1B13212B00599F14 /* Release */,
			);
			defaultConfigurationIsVisible = 0;
			defaultConfigurationName = Release;
		};
/* End XCConfigurationList section */
	};
	rootObject = 8432DC191B13212B00599F14 /* Project object */;
}
